
Microsoft Visual Studio Solution File, Format Version 12.00
# Visual Studio 14
VisualStudioVersion = 14.0.23107.0
MinimumVisualStudioVersion = 10.0.40219.1
Project("{FAE04EC0-301F-11D3-BF4B-00C04F79EFBC}") = "MVC_RedisCache2", "MVC_RedisCache2\MVC_RedisCache2.csproj", "{EF976778-5081-4DEF-B7AA-35B7911D1CBE}"
EndProject
Project("{2150E333-8FDC-42A3-9474-1A3956D46DE8}") = "PublishScripts", "PublishScripts", "{66384A0D-A6D6-49EE-B56C-EA2A483E1201}"
	ProjectSection(SolutionItems) = preProject
		PublishScripts\AzureVMPublishModule.psm1 = PublishScripts\AzureVMPublishModule.psm1
		PublishScripts\Publish-WebApplicationVM.ps1 = PublishScripts\Publish-WebApplicationVM.ps1
	EndProjectSection
EndProject
Project("{2150E333-8FDC-42A3-9474-1A3956D46DE8}") = "Configurations", "Configurations", "{C845DA9B-0DBA-4EBE-AB62-D826E43A8C69}"
	ProjectSection(SolutionItems) = preProject
		PublishScripts\Configurations\MVCRedisCache2-WAWS-dev.json = PublishScripts\Configurations\MVCRedisCache2-WAWS-dev.json
	EndProjectSection
EndProject
Global
	GlobalSection(SolutionConfigurationPlatforms) = preSolution
		Debug|Any CPU = Debug|Any CPU
		Release|Any CPU = Release|Any CPU
	EndGlobalSection
	GlobalSection(ProjectConfigurationPlatforms) = postSolution
		{EF976778-5081-4DEF-B7AA-35B7911D1CBE}.Debug|Any CPU.ActiveCfg = Debug|Any CPU
		{EF976778-5081-4DEF-B7AA-35B7911D1CBE}.Debug|Any CPU.Build.0 = Debug|Any CPU
		{EF976778-5081-4DEF-B7AA-35B7911D1CBE}.Release|Any CPU.ActiveCfg = Release|Any CPU
		{EF976778-5081-4DEF-B7AA-35B7911D1CBE}.Release|Any CPU.Build.0 = Release|Any CPU
	EndGlobalSection
	GlobalSection(SolutionProperties) = preSolution
		HideSolutionNode = FALSE
	EndGlobalSection
	GlobalSection(NestedProjects) = preSolution
		{C845DA9B-0DBA-4EBE-AB62-D826E43A8C69} = {66384A0D-A6D6-49EE-B56C-EA2A483E1201}
	EndGlobalSection
EndGlobal
