
Microsoft Visual Studio Solution File, Format Version 12.00
# Visual Studio 14
VisualStudioVersion = 14.0.23107.0
MinimumVisualStudioVersion = 10.0.40219.1
Project("{FAE04EC0-301F-11D3-BF4B-00C04F79EFBC}") = "EventReceiverAzure", "EventReceiverAzure\EventReceiverAzure.csproj", "{C3624208-0BDE-486B-982C-181B441126F7}"
EndProject
Project("{FAE04EC0-301F-11D3-BF4B-00C04F79EFBC}") = "EventReceiverAzureWeb", "EventReceiverAzureWeb\EventReceiverAzureWeb.csproj", "{464770FD-2E9B-4054-AD0D-6B61940CFA79}"
EndProject
Global
	GlobalSection(SolutionConfigurationPlatforms) = preSolution
		Debug|Any CPU = Debug|Any CPU
		Release|Any CPU = Release|Any CPU
	EndGlobalSection
	GlobalSection(ProjectConfigurationPlatforms) = postSolution
		{C3624208-0BDE-486B-982C-181B441126F7}.Debug|Any CPU.ActiveCfg = Debug|Any CPU
		{C3624208-0BDE-486B-982C-181B441126F7}.Debug|Any CPU.Build.0 = Debug|Any CPU
		{C3624208-0BDE-486B-982C-181B441126F7}.Debug|Any CPU.Deploy.0 = Debug|Any CPU
		{C3624208-0BDE-486B-982C-181B441126F7}.Release|Any CPU.ActiveCfg = Release|Any CPU
		{C3624208-0BDE-486B-982C-181B441126F7}.Release|Any CPU.Build.0 = Release|Any CPU
		{C3624208-0BDE-486B-982C-181B441126F7}.Release|Any CPU.Deploy.0 = Release|Any CPU
		{464770FD-2E9B-4054-AD0D-6B61940CFA79}.Debug|Any CPU.ActiveCfg = Debug|Any CPU
		{464770FD-2E9B-4054-AD0D-6B61940CFA79}.Debug|Any CPU.Build.0 = Debug|Any CPU
		{464770FD-2E9B-4054-AD0D-6B61940CFA79}.Release|Any CPU.ActiveCfg = Release|Any CPU
		{464770FD-2E9B-4054-AD0D-6B61940CFA79}.Release|Any CPU.Build.0 = Release|Any CPU
	EndGlobalSection
	GlobalSection(SolutionProperties) = preSolution
		HideSolutionNode = FALSE
	EndGlobalSection
EndGlobal
